
Microsoft Visual Studio Solution File, Format Version 12.00
# Visual Studio Version 17
VisualStudioVersion = 17.3.32708.82
MinimumVisualStudioVersion = 10.0.40219.1
Project("{9A19103F-16F7-4668-BE54-9A1E7A4F7556}") = "UIL", "UIL.csproj", "{6A01B399-32C8-4AA7-AF3E-662C92E4096F}"
EndProject
Project("{9A19103F-16F7-4668-BE54-9A1E7A4F7556}") = "BLL", "..\BLL\BLL.csproj", "{42319ABE-4CB2-4708-8FD3-F92DFD873780}"
EndProject
Project("{9A19103F-16F7-4668-BE54-9A1E7A4F7556}") = "DAL", "..\DAL\DAL.csproj", "{74AB7FC0-C78F-476F-B79E-0EE4D6CF3F0D}"
EndProject
Project("{9A19103F-16F7-4668-BE54-9A1E7A4F7556}") = "IL", "..\IL\IL.csproj", "{C5A6E865-9CC8-4169-9315-F30A998F7CD3}"
EndProject
Project("{FAE04EC0-301F-11D3-BF4B-00C04F79EFBC}") = "Test", "..\Test\Test.csproj", "{AA4B0F91-5705-45CD-8366-7CB98BD6FE7F}"
EndProject
Global
	GlobalSection(SolutionConfigurationPlatforms) = preSolution
		Debug|Any CPU = Debug|Any CPU
		Release|Any CPU = Release|Any CPU
	EndGlobalSection
	GlobalSection(ProjectConfigurationPlatforms) = postSolution
		{6A01B399-32C8-4AA7-AF3E-662C92E4096F}.Debug|Any CPU.ActiveCfg = Debug|Any CPU
		{6A01B399-32C8-4AA7-AF3E-662C92E4096F}.Debug|Any CPU.Build.0 = Debug|Any CPU
		{6A01B399-32C8-4AA7-AF3E-662C92E4096F}.Release|Any CPU.ActiveCfg = Release|Any CPU
		{6A01B399-32C8-4AA7-AF3E-662C92E4096F}.Release|Any CPU.Build.0 = Release|Any CPU
		{42319ABE-4CB2-4708-8FD3-F92DFD873780}.Debug|Any CPU.ActiveCfg = Debug|Any CPU
		{42319ABE-4CB2-4708-8FD3-F92DFD873780}.Debug|Any CPU.Build.0 = Debug|Any CPU
		{42319ABE-4CB2-4708-8FD3-F92DFD873780}.Release|Any CPU.ActiveCfg = Release|Any CPU
		{42319ABE-4CB2-4708-8FD3-F92DFD873780}.Release|Any CPU.Build.0 = Release|Any CPU
		{74AB7FC0-C78F-476F-B79E-0EE4D6CF3F0D}.Debug|Any CPU.ActiveCfg = Debug|Any CPU
		{74AB7FC0-C78F-476F-B79E-0EE4D6CF3F0D}.Debug|Any CPU.Build.0 = Debug|Any CPU
		{74AB7FC0-C78F-476F-B79E-0EE4D6CF3F0D}.Release|Any CPU.ActiveCfg = Release|Any CPU
		{74AB7FC0-C78F-476F-B79E-0EE4D6CF3F0D}.Release|Any CPU.Build.0 = Release|Any CPU
		{C5A6E865-9CC8-4169-9315-F30A998F7CD3}.Debug|Any CPU.ActiveCfg = Debug|Any CPU
		{C5A6E865-9CC8-4169-9315-F30A998F7CD3}.Debug|Any CPU.Build.0 = Debug|Any CPU
		{C5A6E865-9CC8-4169-9315-F30A998F7CD3}.Release|Any CPU.ActiveCfg = Release|Any CPU
		{C5A6E865-9CC8-4169-9315-F30A998F7CD3}.Release|Any CPU.Build.0 = Release|Any CPU
		{AA4B0F91-5705-45CD-8366-7CB98BD6FE7F}.Debug|Any CPU.ActiveCfg = Debug|Any CPU
		{AA4B0F91-5705-45CD-8366-7CB98BD6FE7F}.Debug|Any CPU.Build.0 = Debug|Any CPU
		{AA4B0F91-5705-45CD-8366-7CB98BD6FE7F}.Release|Any CPU.ActiveCfg = Release|Any CPU
		{AA4B0F91-5705-45CD-8366-7CB98BD6FE7F}.Release|Any CPU.Build.0 = Release|Any CPU
	EndGlobalSection
	GlobalSection(SolutionProperties) = preSolution
		HideSolutionNode = FALSE
	EndGlobalSection
	GlobalSection(ExtensibilityGlobals) = postSolution
		SolutionGuid = {DA2736B1-75A4-4022-9D8A-FE6A7302A091}
	EndGlobalSection
EndGlobal
